
Microsoft Visual Studio Solution File, Format Version 12.00
# Visual Studio Version 17
VisualStudioVersion = 17.11.35327.3
MinimumVisualStudioVersion = 10.0.40219.1
Project("{FAE04EC0-301F-11D3-BF4B-00C04F79EFBC}") = "Task 1", "Task 1\Task 1.csproj", "{7B8E0AED-8989-49BA-B768-5B6A3C71C004}"
EndProject
Global
	GlobalSection(SolutionConfigurationPlatforms) = preSolution
		Debug|Any CPU = Debug|Any CPU
		Release|Any CPU = Release|Any CPU
	EndGlobalSection
	GlobalSection(ProjectConfigurationPlatforms) = postSolution
		{7B8E0AED-8989-49BA-B768-5B6A3C71C004}.Debug|Any CPU.ActiveCfg = Debug|Any CPU
		{7B8E0AED-8989-49BA-B768-5B6A3C71C004}.Debug|Any CPU.Build.0 = Debug|Any CPU
		{7B8E0AED-8989-49BA-B768-5B6A3C71C004}.Release|Any CPU.ActiveCfg = Release|Any CPU
		{7B8E0AED-8989-49BA-B768-5B6A3C71C004}.Release|Any CPU.Build.0 = Release|Any CPU
	EndGlobalSection
	GlobalSection(SolutionProperties) = preSolution
		HideSolutionNode = FALSE
	EndGlobalSection
	GlobalSection(ExtensibilityGlobals) = postSolution
		SolutionGuid = {AA467C7B-00C0-47FC-963E-0DC4CB134895}
	EndGlobalSection
EndGlobal
